
Microsoft Visual Studio Solution File, Format Version 12.00
# Visual Studio 2013
VisualStudioVersion = 12.0.30110.0
MinimumVisualStudioVersion = 10.0.40219.1
Project("{FAE04EC0-301F-11D3-BF4B-00C04F79EFBC}") = "Ontwikkelopdracht", "Ontwikkelopdracht\Ontwikkelopdracht.csproj", "{53F359EC-F4B1-4BA5-8C27-D042DDCA01EC}"
EndProject
Project("{FAE04EC0-301F-11D3-BF4B-00C04F79EFBC}") = "Inject", "Inject\Inject.csproj", "{33C556CA-FAA6-46A9-B812-6F29F80491A9}"
EndProject
Project("{FAE04EC0-301F-11D3-BF4B-00C04F79EFBC}") = "Ontwikkelopdracht.Persistence", "Ontwikkelopdracht.Persistence\Ontwikkelopdracht.Persistence.csproj", "{C7F342D7-16DE-42BA-8C11-3F8346A04DAE}"
EndProject
Project("{FAE04EC0-301F-11D3-BF4B-00C04F79EFBC}") = "Ontwikkelopdracht.Persistence.MySql", "Ontwikkelopdracht.Persistence.MySql\Ontwikkelopdracht.Persistence.MySql.csproj", "{89510982-2366-416A-8047-8C70A55E638C}"
EndProject
Project("{FAE04EC0-301F-11D3-BF4B-00C04F79EFBC}") = "Util", "Util\Util.csproj", "{2AE26B52-21C4-403E-B48B-5F6DE7262F1E}"
EndProject
Project("{FAE04EC0-301F-11D3-BF4B-00C04F79EFBC}") = "Test.Util", "Test.Util\Test.Util.csproj", "{946333D5-99A3-4AC7-ABAA-9E5C401F3CAE}"
EndProject
Global
	GlobalSection(SolutionConfigurationPlatforms) = preSolution
		Debug|Any CPU = Debug|Any CPU
		Release|Any CPU = Release|Any CPU
	EndGlobalSection
	GlobalSection(ProjectConfigurationPlatforms) = postSolution
		{53F359EC-F4B1-4BA5-8C27-D042DDCA01EC}.Debug|Any CPU.ActiveCfg = Debug|Any CPU
		{53F359EC-F4B1-4BA5-8C27-D042DDCA01EC}.Debug|Any CPU.Build.0 = Debug|Any CPU
		{53F359EC-F4B1-4BA5-8C27-D042DDCA01EC}.Release|Any CPU.ActiveCfg = Release|Any CPU
		{53F359EC-F4B1-4BA5-8C27-D042DDCA01EC}.Release|Any CPU.Build.0 = Release|Any CPU
		{33C556CA-FAA6-46A9-B812-6F29F80491A9}.Debug|Any CPU.ActiveCfg = Debug|Any CPU
		{33C556CA-FAA6-46A9-B812-6F29F80491A9}.Debug|Any CPU.Build.0 = Debug|Any CPU
		{33C556CA-FAA6-46A9-B812-6F29F80491A9}.Release|Any CPU.ActiveCfg = Release|Any CPU
		{33C556CA-FAA6-46A9-B812-6F29F80491A9}.Release|Any CPU.Build.0 = Release|Any CPU
		{C7F342D7-16DE-42BA-8C11-3F8346A04DAE}.Debug|Any CPU.ActiveCfg = Debug|Any CPU
		{C7F342D7-16DE-42BA-8C11-3F8346A04DAE}.Debug|Any CPU.Build.0 = Debug|Any CPU
		{C7F342D7-16DE-42BA-8C11-3F8346A04DAE}.Release|Any CPU.ActiveCfg = Release|Any CPU
		{C7F342D7-16DE-42BA-8C11-3F8346A04DAE}.Release|Any CPU.Build.0 = Release|Any CPU
		{89510982-2366-416A-8047-8C70A55E638C}.Debug|Any CPU.ActiveCfg = Debug|Any CPU
		{89510982-2366-416A-8047-8C70A55E638C}.Debug|Any CPU.Build.0 = Debug|Any CPU
		{89510982-2366-416A-8047-8C70A55E638C}.Release|Any CPU.ActiveCfg = Release|Any CPU
		{89510982-2366-416A-8047-8C70A55E638C}.Release|Any CPU.Build.0 = Release|Any CPU
		{2AE26B52-21C4-403E-B48B-5F6DE7262F1E}.Debug|Any CPU.ActiveCfg = Debug|Any CPU
		{2AE26B52-21C4-403E-B48B-5F6DE7262F1E}.Debug|Any CPU.Build.0 = Debug|Any CPU
		{2AE26B52-21C4-403E-B48B-5F6DE7262F1E}.Release|Any CPU.ActiveCfg = Release|Any CPU
		{2AE26B52-21C4-403E-B48B-5F6DE7262F1E}.Release|Any CPU.Build.0 = Release|Any CPU
		{946333D5-99A3-4AC7-ABAA-9E5C401F3CAE}.Debug|Any CPU.ActiveCfg = Debug|Any CPU
		{946333D5-99A3-4AC7-ABAA-9E5C401F3CAE}.Debug|Any CPU.Build.0 = Debug|Any CPU
		{946333D5-99A3-4AC7-ABAA-9E5C401F3CAE}.Release|Any CPU.ActiveCfg = Release|Any CPU
		{946333D5-99A3-4AC7-ABAA-9E5C401F3CAE}.Release|Any CPU.Build.0 = Release|Any CPU
	EndGlobalSection
	GlobalSection(SolutionProperties) = preSolution
		HideSolutionNode = FALSE
	EndGlobalSection
EndGlobal
